{
    "hash": "5a0c602e265a8c335fdcfeea5dc0f7e9",
    "packages": [
        {
            "name": "aura/di",
            "version": "1.0.1",
            "source": {
                "type": "git",
                "url": "https://github.com/auraphp/Aura.Di",
                "reference": "1.0.1"
            },
            "dist": {
                "type": "zip",
                "url": "https://github.com/auraphp/Aura.Di/archive/1.0.1.zip",
                "reference": "1.0.1",
                "shasum": ""
            },
            "require": {
                "php": ">=5.4.0",
                "aura/installer-default": ">=1.0.0"
            },
            "time": "2012-11-28 00:00:00",
            "type": "aura-package",
            "autoload": {
                "psr-0": {
                    "Aura\\Di": "src/"
                }
            },
            "notification-url": "https://packagist.org/downloads/",
            "license": [
                "BSD"
            ],
            "authors": [
                {
                    "name": "Paul M. Jones",
                    "email": "pmjones88@gmail.com",
                    "homepage": "http://paul-m-jones.com"
                },
                {
                    "name": "Hari KT",
                    "email": "kthari85@gmail.com",
                    "homepage": "http://harikt.com"
                },
                {
                    "name": "Aura.Di Contributors",
                    "homepage": "https://github.com/auraphp/Aura.Di/contributors"
                },
                {
                    "name": "Kenaniah Cerny",
                    "email": "kenaniah@gmail.com"
                }
            ],
            "description": "The Aura DI package provides a dependency injection container system with native support for constructor- and setter-based injection, lazy-loading of services, and inheritable configuration of setters and constructor params.",
            "homepage": "http://auraphp.github.com/Aura.Di",
            "keywords": [
                "dependency injection",
                "container",
                "di",
                "di container",
                "dependency injection container"
            ]
        },
        {
            "name": "aura/installer-default",
            "version": "1.0.0",
            "source": {
                "type": "git",
                "url": "https://github.com/auraphp/installer-default",
                "reference": "1.0.0"
            },
            "dist": {
                "type": "zip",
                "url": "https://github.com/auraphp/installer-default/archive/1.0.0.zip",
                "reference": "1.0.0",
                "shasum": ""
            },
            "time": "2012-11-26 21:35:57",
            "type": "composer-installer",
            "extra": {
                "class": "Aura\\Composer\\DefaultInstaller"
            },
            "autoload": {
                "psr-0": {
                    "Aura\\Composer\\": "src/"
                }
            },
            "notification-url": "https://packagist.org/downloads/",
            "license": [
                "BSD-2-Clause"
            ],
            "authors": [
                {
                    "name": "Paul M. Jones",
                    "email": "pmjones88@gmail.com",
                    "homepage": "http://paul-m-jones.com"
                }
            ],
            "description": "Installs Aura packages using the Composer defaults.",
            "keywords": [
                "installer",
                "aura"
            ]
        },
        {
            "name": "aura/router",
            "version": "1.0.0",
            "source": {
                "type": "git",
                "url": "https://github.com/auraphp/Aura.Router",
                "reference": "1.0.0"
            },
            "dist": {
                "type": "zip",
                "url": "https://github.com/auraphp/Aura.Router/archive/1.0.0.zip",
                "reference": "1.0.0",
                "shasum": ""
            },
            "require": {
                "php": ">=5.4.0",
                "aura/installer-default": ">=1.0.0"
            },
            "time": "2012-11-28 00:00:00",
            "type": "aura-package",
            "autoload": {
                "psr-0": {
                    "Aura\\Router": "src/"
                }
            },
            "notification-url": "https://packagist.org/downloads/",
            "license": [
                "BSD"
            ],
            "authors": [
                {
                    "name": "Paul M. Jones",
                    "email": "pmjones88@gmail.com",
                    "homepage": "http://paul-m-jones.com"
                },
                {
                    "name": "Hari KT",
                    "email": "kthari85@gmail.com",
                    "homepage": "http://harikt.com"
                },
                {
                    "name": "Aura.Router Contributors",
                    "homepage": "https://github.com/auraphp/Aura.Router/contributors"
                }
            ],
            "description": "The Aura Router package implements web routing; given a URI path and a copy of $_SERVER, it will extract controller, action, and parameter values for a specific route.",
            "homepage": "http://auraphp.github.com/Aura.Router",
            "keywords": [
                "route",
                "routing",
                "router"
            ]
        },
        {
            "name": "aura/signal",
            "version": "1.0.0",
            "source": {
                "type": "git",
                "url": "https://github.com/auraphp/Aura.Signal",
                "reference": "1.0.0"
            },
            "dist": {
                "type": "zip",
                "url": "https://github.com/auraphp/Aura.Signal/archive/1.0.0.zip",
                "reference": "1.0.0",
                "shasum": ""
            },
            "require": {
                "php": ">=5.4.0",
                "aura/installer-default": ">=1.0.0"
            },
            "time": "2012-11-28 00:00:00",
            "type": "aura-package",
            "autoload": {
                "psr-0": {
                    "Aura\\Signal": "src/"
                }
            },
            "notification-url": "https://packagist.org/downloads/",
            "license": [
                "BSD-2-Clause"
            ],
            "authors": [
                {
                    "name": "Paul M. Jones",
                    "email": "pmjones88@gmail.com",
                    "homepage": "http://paul-m-jones.com"
                },
                {
                    "name": "Hari KT",
                    "email": "kthari85@gmail.com",
                    "homepage": "http://harikt.com"
                },
                {
                    "name": "Aura.Signal Contributors",
                    "homepage": "https://github.com/auraphp/Aura.Signal/contributors"
                }
            ],
            "description": "A SignalSlots/EventHandler implementation for PHP; with it, we can invoke handlers (\"slots\" or \"hooks\") whenever an object sends a signal (\"notification\" or \"event\") to the signal manager.",
            "homepage": "http://auraphp.github.com/Aura.Signal",
            "keywords": [
                "event",
                "event handler",
                "event handling",
                "signal",
                "signal slots"
            ]
        },
        {
            "name": "aura/web",
            "version": "1.0.0",
            "source": {
                "type": "git",
                "url": "https://github.com/auraphp/Aura.Web",
                "reference": "1.0.0"
            },
            "dist": {
                "type": "zip",
                "url": "https://github.com/auraphp/Aura.Web/archive/1.0.0.zip",
                "reference": "1.0.0",
                "shasum": ""
            },
            "require": {
                "php": ">=5.4.0",
                "aura/installer-default": ">=1.0.0"
            },
            "time": "2012-11-30 00:00:00",
            "type": "aura-package",
            "autoload": {
                "psr-0": {
                    "Aura\\Web": "src/"
                }
            },
            "notification-url": "https://packagist.org/downloads/",
            "license": [
                "BSD-2-Clause"
            ],
            "authors": [
                {
                    "name": "Paul M. Jones",
                    "email": "pmjones88@gmail.com",
                    "homepage": "http://paul-m-jones.com"
                },
                {
                    "name": "Hari KT",
                    "email": "kthari85@gmail.com",
                    "homepage": "http://harikt.com"
                },
                {
                    "name": "Aura.Web Contributors",
                    "homepage": "https://github.com/auraphp/Aura.Web/contributors"
                }
            ],
            "description": "The Aura Web package provides tools to build web page controllers, including an AbstractPage for action methods, a Context class for disovering the request environment, and a Response transfer object that describes the eventual HTTP response.",
            "homepage": "http://auraphp.github.com/Aura.Web",
            "keywords": [
                "controller",
                "page controller",
                "web controller"
            ]
        },
        {
            "name": "bear/resource",
            "version": "0.6.0",
            "source": {
                "type": "git",
                "url": "https://github.com/koriym/BEAR.Resource.git",
                "reference": "0.6.0"
            },
            "dist": {
                "type": "zip",
                "url": "https://github.com/koriym/BEAR.Resource/archive/0.6.0.zip",
                "reference": "0.6.0",
                "shasum": ""
            },
            "require": {
                "php": ">=5.4.0",
                "ray/aop": ">=1.0.0-beta2",
                "ray/di": ">=1.0.0-beta3",
                "aura/di": "1.0.*",
                "aura/signal": "1.0.*",
                "aura/installer-default": "1.0.*",
                "doctrine/common": "2.3.*-dev",
                "guzzle/guzzle": "3.0.*"
            },
            "require-dev": {
                "facebook/xhprof": "dev-master"
            },
            "time": "2013-01-25 15:42:28",
            "type": "library",
            "autoload": {
                "psr-0": {
                    "BEAR\\Resource": "src/"
                }
            },
            "notification-url": "https://packagist.org/downloads/",
            "license": [
                "BSD-3-Clause"
            ],
            "authors": [
                {
                    "name": "Akihito Koriyama",
                    "email": "akihito.koriyama@gmail.com",
                    "homepage": "https://github.com/koriym"
                }
            ],
            "description": "RESTful service layer framework",
            "homepage": "https://github.com/koriym/BEAR.Resource",
            "keywords": [
                "rest",
                "service layer",
                "HATEOAS"
            ]
        },
        {
            "name": "bear/sunday",
            "version": "0.6.0",
            "source": {
                "type": "git",
                "url": "https://github.com/koriym/BEAR.Sunday.git",
                "reference": "0.6.0"
            },
            "dist": {
                "type": "zip",
                "url": "https://github.com/koriym/BEAR.Sunday/archive/0.6.0.zip",
                "reference": "0.6.0",
                "shasum": ""
            },
            "require": {
                "php": ">=5.4.0",
                "ext-apc": "*",
                "ext-curl": "*",
                "aura/di": "1.0.*",
                "aura/signal": "1.0.*",
                "ray/di": ">=1.0.0-beta3",
                "ray/aop": ">=1.0.0-beta2",
                "bear/resource": "0.6.*",
                "guzzle/guzzle": "3.0.*",
                "nocarrier/hal": "dev-master"
            },
            "time": "2013-01-25 16:09:33",
            "type": "library",
            "autoload": {
                "psr-0": {
                    "BEAR\\Sunday": "src/"
                }
            },
            "notification-url": "https://packagist.org/downloads/",
            "license": [
                "BSD-3-Clause"
            ],
            "authors": [
                {
                    "name": "Akihito Koriyama",
                    "email": "akihito.koriyama@gmail.com",
                    "homepage": "https://github.com/koriym"
                }
            ],
            "description": "BEAR.Sunday, a resource oriented framework",
            "homepage": "https://github.com/koriym/BEAR.Sunday",
            "keywords": [
                "framework",
                "aop",
                "api",
                "di",
                "hypermedia",
                "resource",
                "roa"
            ]
        },
        {
            "name": "doctrine/common",
            "version": "2.3.x-dev",
            "source": {
                "type": "git",
                "url": "https://github.com/doctrine/common",
                "reference": "bb0aebbf234db52df476a2b473d434745b34221c"
            },
            "dist": {
                "type": "zip",
                "url": "https://github.com/doctrine/common/archive/bb0aebbf234db52df476a2b473d434745b34221c.zip",
                "reference": "bb0aebbf234db52df476a2b473d434745b34221c",
                "shasum": ""
            },
            "require": {
                "php": ">=5.3.2"
            },
            "time": "2012-09-20 05:55:18",
            "type": "library",
            "extra": {
                "branch-alias": {
                    "dev-master": "2.3.x-dev"
                }
            },
            "autoload": {
                "psr-0": {
                    "Doctrine\\Common": "lib/"
                }
            },
            "notification-url": "https://packagist.org/downloads/",
            "license": [
                "MIT"
            ],
            "authors": [
                {
                    "name": "Jonathan Wage",
                    "email": "jonwage@gmail.com",
                    "homepage": "http://www.jwage.com/"
                },
                {
                    "name": "Guilherme Blanco",
                    "email": "guilhermeblanco@gmail.com",
                    "homepage": "http://www.instaclick.com"
                },
                {
                    "name": "Roman Borschel",
                    "email": "roman@code-factory.org"
                },
                {
                    "name": "Benjamin Eberlei",
                    "email": "kontakt@beberlei.de"
                },
                {
                    "name": "Johannes Schmitt",
                    "email": "schmittjoh@gmail.com",
                    "homepage": "https://github.com/schmittjoh",
                    "role": "Developer of wrapped JMSSerializerBundle"
                }
            ],
            "description": "Common Library for Doctrine projects",
            "homepage": "http://www.doctrine-project.org",
            "keywords": [
                "collections",
                "spl",
                "eventmanager",
                "annotations",
                "persistence"
            ]
        },
        {
            "name": "doctrine/dbal",
            "version": "2.3.x-dev",
            "source": {
                "type": "git",
                "url": "https://github.com/doctrine/dbal",
                "reference": "fd45c6f6baa618d871f3201fabe76df5043abb1e"
            },
            "dist": {
                "type": "zip",
                "url": "https://github.com/doctrine/dbal/archive/fd45c6f6baa618d871f3201fabe76df5043abb1e.zip",
                "reference": "fd45c6f6baa618d871f3201fabe76df5043abb1e",
                "shasum": ""
            },
            "require": {
                "php": ">=5.3.2",
                "doctrine/common": "2.3.*"
            },
            "time": "2013-01-20 11:50:36",
            "type": "library",
            "extra": {
                "branch-alias": {
                    "dev-master": "2.3.x-dev"
                }
            },
            "autoload": {
                "psr-0": {
                    "Doctrine\\DBAL": "lib/"
                }
            },
            "notification-url": "https://packagist.org/downloads/",
            "license": [
                "MIT"
            ],
            "authors": [
                {
                    "name": "Jonathan Wage",
                    "email": "jonwage@gmail.com",
                    "homepage": "http://www.jwage.com/"
                },
                {
                    "name": "Guilherme Blanco",
                    "email": "guilhermeblanco@gmail.com",
                    "homepage": "http://www.instaclick.com"
                },
                {
                    "name": "Roman Borschel",
                    "email": "roman@code-factory.org"
                },
                {
                    "name": "Benjamin Eberlei",
                    "email": "kontakt@beberlei.de"
                }
            ],
            "description": "Database Abstraction Layer",
            "homepage": "http://www.doctrine-project.org",
            "keywords": [
                "database",
                "persistence",
                "dbal",
                "queryobject"
            ]
        },
        {
            "name": "guzzle/guzzle",
            "version": "v3.0.7",
            "source": {
                "type": "git",
                "url": "https://github.com/guzzle/guzzle",
                "reference": "v3.0.7"
            },
            "dist": {
                "type": "zip",
                "url": "https://github.com/guzzle/guzzle/archive/v3.0.7.zip",
                "reference": "v3.0.7",
                "shasum": ""
            },
            "require": {
                "php": ">=5.3.2",
                "ext-curl": "*",
                "symfony/event-dispatcher": ">=2.1"
            },
            "replace": {
                "guzzle/batch": "self.version",
                "guzzle/cache": "self.version",
                "guzzle/common": "self.version",
                "guzzle/http": "self.version",
                "guzzle/inflection": "self.version",
                "guzzle/iterator": "self.version",
                "guzzle/log": "self.version",
                "guzzle/parser": "self.version",
                "guzzle/plugin": "self.version",
                "guzzle/plugin-async": "self.version",
                "guzzle/plugin-backoff": "self.version",
                "guzzle/plugin-cache": "self.version",
                "guzzle/plugin-cookie": "self.version",
                "guzzle/plugin-curlauth": "self.version",
                "guzzle/plugin-history": "self.version",
                "guzzle/plugin-log": "self.version",
                "guzzle/plugin-md5": "self.version",
                "guzzle/plugin-mock": "self.version",
                "guzzle/plugin-oauth": "self.version",
                "guzzle/service": "self.version",
                "guzzle/stream": "self.version"
            },
            "require-dev": {
                "doctrine/common": "*",
                "symfony/class-loader": "*",
                "monolog/monolog": "1.*",
                "zendframework/zend-cache": "2.0.*",
                "zendframework/zend-log": "2.0.*",
                "zend/zend-log1": "1.12",
                "zend/zend-cache1": "1.12",
                "phpunit/phpunit": "3.7.*"
            },
            "time": "2012-12-19 23:06:35",
            "type": "library",
            "extra": {
                "branch-alias": {
                    "dev-master": "3.0-dev"
                }
            },
            "autoload": {
                "psr-0": {
                    "Guzzle\\Tests": "tests/",
                    "Guzzle": "src/"
                }
            },
            "notification-url": "https://packagist.org/downloads/",
            "license": [
                "MIT"
            ],
            "authors": [
                {
                    "name": "Michael Dowling",
                    "email": "mtdowling@gmail.com",
                    "homepage": "https://github.com/mtdowling"
                },
                {
                    "name": "Guzzle Community",
                    "homepage": "https://github.com/guzzle/guzzle/contributors"
                }
            ],
            "description": "Guzzle is a PHP HTTP client library and framework for building RESTful web service clients",
            "homepage": "http://guzzlephp.org/",
            "keywords": [
                "framework",
                "curl",
                "http",
                "rest",
                "http client",
                "client",
                "web service"
            ]
        },
        {
            "name": "nocarrier/hal",
            "version": "dev-master",
            "source": {
                "type": "git",
                "url": "https://github.com/blongden/hal",
                "reference": "0.9.0"
            },
            "dist": {
                "type": "zip",
                "url": "https://github.com/blongden/hal/archive/0.9.0.zip",
                "reference": "0.9.0",
                "shasum": ""
            },
            "require": {
                "php": ">=5.3.0"
            },
            "time": "2013-01-24 12:31:32",
            "type": "library",
            "autoload": {
                "psr-0": {
                    "Nocarrier": "src"
                }
            },
            "notification-url": "https://packagist.org/downloads/",
            "license": [
                "MIT"
            ],
            "authors": [
                {
                    "name": "Ben Longden",
                    "email": "ben@nocarrier.co.uk",
                    "homepage": "http://nocarrier.co.uk"
                }
            ],
            "description": "application/hal builder / formatter for PHP 5.3+",
            "homepage": "https://github.com/blongden/hal",
            "keywords": [
                "json",
                "xml",
                "rest",
                "hal",
                "hypermedia"
            ]
        },
        {
            "name": "pagerfanta/pagerfanta",
            "version": "dev-master",
            "source": {
                "type": "git",
                "url": "git://github.com/whiteoctober/Pagerfanta.git",
                "reference": "12f71d99457b018fb80746f84514dd5b495c5789"
            },
            "dist": {
                "type": "zip",
                "url": "https://github.com/whiteoctober/Pagerfanta/archive/12f71d99457b018fb80746f84514dd5b495c5789.zip",
                "reference": "12f71d99457b018fb80746f84514dd5b495c5789",
                "shasum": ""
            },
            "require": {
                "php": ">=5.3.0"
            },
            "suggest": {
                "doctrine/orm": "2.*",
                "doctrine/mongodb-odm": "2.*",
                "solarium/solarium": "2.*"
            },
            "time": "2012-08-22 21:56:31",
            "type": "library",
            "autoload": {
                "psr-0": {
                    "Pagerfanta\\": "src/"
                }
            },
            "notification-url": "https://packagist.org/downloads/",
            "license": [
                "MIT"
            ],
            "authors": [
                {
                    "name": "Pablo Díez",
                    "email": "pablodip@gmail.com",
                    "homepage": "http://github.com/pablodip"
                }
            ],
            "description": "Pagination for PHP 5.3",
            "keywords": [
                "page",
                "paging"
            ]
        },
        {
            "name": "ray/aop",
            "version": "dev-master",
            "source": {
                "type": "git",
                "url": "https://github.com/koriym/Ray.Aop.git",
                "reference": "3edfe6ba6b52e8d3190da62c14479ff7cce2377f"
            },
            "dist": {
                "type": "zip",
                "url": "https://github.com/koriym/Ray.Aop/archive/3edfe6ba6b52e8d3190da62c14479ff7cce2377f.zip",
                "reference": "3edfe6ba6b52e8d3190da62c14479ff7cce2377f",
                "shasum": ""
            },
            "require": {
                "php": ">=5.4.0",
                "doctrine/common": "2.3.*-dev"
            },
            "time": "2012-10-29 02:17:20",
            "type": "library",
            "autoload": {
                "psr-0": {
                    "Ray\\Aop": "src/"
                }
            },
            "notification-url": "https://packagist.org/downloads/",
            "license": [
                "BSD-3-Clause"
            ],
            "authors": [
                {
                    "name": "Akihito Koriyama",
                    "email": "akihito.koriyama@gmail.com",
                    "homepage": "https://github.com/koriym"
                }
            ],
            "description": "Aspect oriented programing framework",
            "homepage": "https://github.com/koriym/Ray.Aop",
            "keywords": [
                "aop",
                "aspect",
                "annotation",
                "method interception"
            ]
        },
        {
            "name": "ray/di",
            "version": "dev-master",
            "source": {
                "type": "git",
                "url": "git://github.com/koriym/Ray.Di.git",
                "reference": "1f858ae7a065e459d3fab7150a04da5058dcf111"
            },
            "dist": {
                "type": "zip",
                "url": "https://github.com/koriym/Ray.Di/archive/1f858ae7a065e459d3fab7150a04da5058dcf111.zip",
                "reference": "1f858ae7a065e459d3fab7150a04da5058dcf111",
                "shasum": ""
            },
            "require": {
                "php": ">=5.4.0",
                "doctrine/common": "2.3.*-dev",
                "aura/di": "1.0.*",
                "ray/aop": ">=1.0.0-beta2",
                "aura/installer-default": "1.0.*"
            },
            "time": "2013-01-22 09:37:39",
            "type": "library",
            "autoload": {
                "psr-0": {
                    "Ray\\Di": "src/"
                }
            },
            "notification-url": "https://packagist.org/downloads/",
            "license": [
                "BSD-3-Clause"
            ],
            "authors": [
                {
                    "name": "Akihito Koriyama",
                    "email": "akihito.koriyama@gmail.com",
                    "homepage": "https://github.com/koriym"
                }
            ],
            "description": "Guice style annotation-driven dependency injection framework",
            "homepage": "https://github.com/koriym/Ray.Di",
            "keywords": [
                "dependency injection",
                "container",
                "aop",
                "di",
                "jsr",
                "annotation",
                "method interception",
                "guice",
                "ioc"
            ]
        },
        {
            "name": "smarty/smarty",
            "version": "v3.1.12",
            "source": {
                "type": "svn",
                "url": "http://smarty-php.googlecode.com/svn",
                "reference": "/tags/v3.1.12/@4664"
            },
            "require": {
                "php": ">=5.2"
            },
            "time": "2012-09-25 22:13:16",
            "type": "library",
            "autoload": {
                "classmap": [
                    "distribution/libs/Smarty.class.php"
                ]
            },
            "notification-url": "https://packagist.org/downloads/",
            "license": [
                "LGPL-3.0"
            ],
            "authors": [
                {
                    "name": "Monte Ohrt",
                    "email": "monte@ohrt.com"
                },
                {
                    "name": "Uwe Tews",
                    "email": "uwe.tews@googlemail.com"
                },
                {
                    "name": "Rodney Rehm",
                    "email": "rodney.rehm@medialize.de"
                }
            ],
            "description": "Smarty - the compiling PHP template engine",
            "homepage": "http://www.smarty.net",
            "keywords": [
                "templating"
            ]
        },
        {
            "name": "symfony/console",
            "version": "2.0.x-dev",
            "target-dir": "Symfony/Component/Console",
            "source": {
                "type": "git",
                "url": "https://github.com/symfony/Console",
                "reference": "v2.0.22"
            },
            "dist": {
                "type": "zip",
                "url": "https://github.com/symfony/Console/archive/v2.0.22.zip",
                "reference": "v2.0.22",
                "shasum": ""
            },
            "require": {
                "php": ">=5.3.2"
            },
            "time": "2013-01-11 13:49:52",
            "type": "library",
            "autoload": {
                "psr-0": {
                    "Symfony\\Component\\Console": ""
                }
            },
            "notification-url": "https://packagist.org/downloads/",
            "license": [
                "MIT"
            ],
            "authors": [
                {
                    "name": "Fabien Potencier",
                    "email": "fabien@symfony.com"
                },
                {
                    "name": "Symfony Community",
                    "homepage": "http://symfony.com/contributors"
                }
            ],
            "description": "Symfony Console Component",
            "homepage": "http://symfony.com"
        },
        {
            "name": "symfony/event-dispatcher",
            "version": "dev-master",
            "target-dir": "Symfony/Component/EventDispatcher",
            "source": {
                "type": "git",
                "url": "https://github.com/symfony/EventDispatcher",
                "reference": "v2.2.0-BETA2"
            },
            "dist": {
                "type": "zip",
                "url": "https://github.com/symfony/EventDispatcher/archive/v2.2.0-BETA2.zip",
                "reference": "v2.2.0-BETA2",
                "shasum": ""
            },
            "require": {
                "php": ">=5.3.3"
            },
            "require-dev": {
                "symfony/dependency-injection": "2.2.*"
            },
            "suggest": {
                "symfony/dependency-injection": "2.2.*",
                "symfony/http-kernel": "2.2.*"
            },
            "time": "2013-01-17 15:25:59",
            "type": "library",
            "extra": {
                "branch-alias": {
                    "dev-master": "2.2-dev"
                }
            },
            "autoload": {
                "psr-0": {
                    "Symfony\\Component\\EventDispatcher\\": ""
                }
            },
            "notification-url": "https://packagist.org/downloads/",
            "license": [
                "MIT"
            ],
            "authors": [
                {
                    "name": "Fabien Potencier",
                    "email": "fabien@symfony.com"
                },
                {
                    "name": "Symfony Community",
                    "homepage": "http://symfony.com/contributors"
                }
            ],
            "description": "Symfony EventDispatcher Component",
            "homepage": "http://symfony.com"
        },
        {
            "name": "symfony/http-foundation",
            "version": "2.0.x-dev",
            "target-dir": "Symfony/Component/HttpFoundation",
            "source": {
                "type": "git",
                "url": "https://github.com/symfony/HttpFoundation",
                "reference": "v2.0.22"
            },
            "dist": {
                "type": "zip",
                "url": "https://github.com/symfony/HttpFoundation/archive/v2.0.22.zip",
                "reference": "v2.0.22",
                "shasum": ""
            },
            "require": {
                "php": ">=5.3.2"
            },
            "time": "2013-01-07 13:18:29",
            "type": "library",
            "autoload": {
                "psr-0": {
                    "Symfony\\Component\\HttpFoundation": ""
                }
            },
            "notification-url": "https://packagist.org/downloads/",
            "license": [
                "MIT"
            ],
            "authors": [
                {
                    "name": "Fabien Potencier",
                    "email": "fabien@symfony.com"
                },
                {
                    "name": "Symfony Community",
                    "homepage": "http://symfony.com/contributors"
                }
            ],
            "description": "Symfony HttpFoundation Component",
            "homepage": "http://symfony.com"
        },
        {
            "name": "twitter/bootstrap",
            "version": "master",
            "source": {
                "type": "git",
                "url": "https://github.com/twitter/bootstrap.git",
                "reference": "master"
            },
            "dist": {
                "type": "zip",
                "url": "https://github.com/twitter/bootstrap/zipball/master",
                "reference": null,
                "shasum": null
            },
            "type": "library",
            "time": "2012-12-22 02:54:36"
        },
        {
            "name": "zendframework/zend-log",
            "version": "2.0.6",
            "target-dir": "Zend/Log",
            "dist": {
                "type": "zip",
                "url": "http://packages.zendframework.com/composer/Zend_Log-2.0.6.zip",
                "reference": null,
                "shasum": null
            },
            "require": {
                "php": ">=5.3.3",
                "zendframework/zend-stdlib": "self.version"
            },
            "suggest": {
                "ext-mongo": "*",
                "zendframework/zend-db": "Zend\\Db component",
                "zendframework/zend-escaper": "Zend\\Escaper component, for use in the XML formatter",
                "zendframework/zend-mail": "Zend\\Mail component",
                "zendframework/zend-validator": "Zend\\Validator component"
            },
            "type": "library",
            "autoload": {
                "psr-0": {
                    "Zend\\Log\\": ""
                }
            },
            "license": [
                "BSD-3-Clause"
            ],
            "description": "component for general purpose logging",
            "homepage": "http://packages.zendframework.com/",
            "keywords": [
                "zf2",
                "log",
                "logging"
            ],
            "support": {
                "email": "fw-general-subscribe@lists.zend.com",
                "irc": "irc://irc.freenode.net/zftalk",
                "issues": "https://github.com/zendframework/zf2/issues",
                "source": "https://github.com/zendframework/zf2"
            }
        },
        {
            "name": "zendframework/zend-stdlib",
            "version": "2.0.6",
            "target-dir": "Zend/Stdlib",
            "dist": {
                "type": "zip",
                "url": "http://packages.zendframework.com/composer/Zend_Stdlib-2.0.6.zip",
                "reference": null,
                "shasum": null
            },
            "require": {
                "php": ">=5.3.3"
            },
            "suggest": {
                "pecl-weakref": "Implementation of weak references for Stdlib\\CallbackHandler"
            },
            "type": "library",
            "autoload": {
                "psr-0": {
                    "Zend\\Stdlib\\": ""
                }
            },
            "license": [
                "BSD-3-Clause"
            ],
            "description": " ",
            "homepage": "http://packages.zendframework.com/",
            "keywords": [
                "zf2",
                "stdlib"
            ],
            "support": {
                "email": "fw-general-subscribe@lists.zend.com",
                "irc": "irc://irc.freenode.net/zftalk",
                "issues": "https://github.com/zendframework/zf2/issues",
                "source": "https://github.com/zendframework/zf2"
            }
        }
    ],
    "packages-dev": null,
    "aliases": [

    ],
    "minimum-stability": "dev",
    "stability-flags": {
        "doctrine/common": 20,
        "doctrine/dbal": 20,
        "pagerfanta/pagerfanta": 20,
        "twitter/bootstrap": 20,
        "nocarrier/hal": 20,
        "firephp/firephp-core": 20
    }
}
